
Microsoft Visual Studio Solution File, Format Version 12.00
# Visual Studio Version 17
VisualStudioVersion = 17.4.33213.308
MinimumVisualStudioVersion = 10.0.40219.1
Project("{9A19103F-16F7-4668-BE54-9A1E7A4F7556}") = "Library", "Library\Library.csproj", "{660B2393-6C81-42F6-91BE-5A3B792DFDD0}"
EndProject
Global
	GlobalSection(SolutionConfigurationPlatforms) = preSolution
		Debug|Any CPU = Debug|Any CPU
		Release|Any CPU = Release|Any CPU
	EndGlobalSection
	GlobalSection(ProjectConfigurationPlatforms) = postSolution
		{660B2393-6C81-42F6-91BE-5A3B792DFDD0}.Debug|Any CPU.ActiveCfg = Debug|Any CPU
		{660B2393-6C81-42F6-91BE-5A3B792DFDD0}.Debug|Any CPU.Build.0 = Debug|Any CPU
		{660B2393-6C81-42F6-91BE-5A3B792DFDD0}.Release|Any CPU.ActiveCfg = Release|Any CPU
		{660B2393-6C81-42F6-91BE-5A3B792DFDD0}.Release|Any CPU.Build.0 = Release|Any CPU
	EndGlobalSection
	GlobalSection(SolutionProperties) = preSolution
		HideSolutionNode = FALSE
	EndGlobalSection
	GlobalSection(ExtensibilityGlobals) = postSolution
		SolutionGuid = {AFABF781-6AF7-4468-B104-231FB7352923}
	EndGlobalSection
EndGlobal
