
Microsoft Visual Studio Solution File, Format Version 12.00
# Visual Studio Version 17
VisualStudioVersion = 17.4.33213.308
MinimumVisualStudioVersion = 10.0.40219.1
Project("{9A19103F-16F7-4668-BE54-9A1E7A4F7556}") = "LibraryUI", "LibraryFrontend\LibraryUI.csproj", "{11FBBECD-5F22-4871-8CF7-99AB6B6E8C47}"
EndProject
Project("{9A19103F-16F7-4668-BE54-9A1E7A4F7556}") = "ClassLibrary", "ClassLibrary\ClassLibrary.csproj", "{6A88BEA2-8C23-41CF-AE57-C8B63FF64EFC}"
EndProject
Global
	GlobalSection(SolutionConfigurationPlatforms) = preSolution
		Debug|Any CPU = Debug|Any CPU
		Release|Any CPU = Release|Any CPU
	EndGlobalSection
	GlobalSection(ProjectConfigurationPlatforms) = postSolution
		{11FBBECD-5F22-4871-8CF7-99AB6B6E8C47}.Debug|Any CPU.ActiveCfg = Debug|Any CPU
		{11FBBECD-5F22-4871-8CF7-99AB6B6E8C47}.Debug|Any CPU.Build.0 = Debug|Any CPU
		{11FBBECD-5F22-4871-8CF7-99AB6B6E8C47}.Release|Any CPU.ActiveCfg = Release|Any CPU
		{11FBBECD-5F22-4871-8CF7-99AB6B6E8C47}.Release|Any CPU.Build.0 = Release|Any CPU
		{6A88BEA2-8C23-41CF-AE57-C8B63FF64EFC}.Debug|Any CPU.ActiveCfg = Debug|Any CPU
		{6A88BEA2-8C23-41CF-AE57-C8B63FF64EFC}.Debug|Any CPU.Build.0 = Debug|Any CPU
		{6A88BEA2-8C23-41CF-AE57-C8B63FF64EFC}.Release|Any CPU.ActiveCfg = Release|Any CPU
		{6A88BEA2-8C23-41CF-AE57-C8B63FF64EFC}.Release|Any CPU.Build.0 = Release|Any CPU
	EndGlobalSection
	GlobalSection(SolutionProperties) = preSolution
		HideSolutionNode = FALSE
	EndGlobalSection
	GlobalSection(ExtensibilityGlobals) = postSolution
		SolutionGuid = {C4E02BFD-6D96-4893-AE04-BCE6BE89C35D}
	EndGlobalSection
EndGlobal
